
Microsoft Visual Studio Solution File, Format Version 12.00
# Visual Studio Version 17
VisualStudioVersion = 17.3.32929.385
MinimumVisualStudioVersion = 10.0.40219.1
Project("{FAE04EC0-301F-11D3-BF4B-00C04F79EFBC}") = "TaskVacancy", "TaskVacancy\TaskVacancy.csproj", "{2FD35919-DF41-402D-ADD8-F11F921F956D}"
EndProject
Global
	GlobalSection(SolutionConfigurationPlatforms) = preSolution
		Debug|Any CPU = Debug|Any CPU
		Release|Any CPU = Release|Any CPU
	EndGlobalSection
	GlobalSection(ProjectConfigurationPlatforms) = postSolution
		{2FD35919-DF41-402D-ADD8-F11F921F956D}.Debug|Any CPU.ActiveCfg = Debug|Any CPU
		{2FD35919-DF41-402D-ADD8-F11F921F956D}.Debug|Any CPU.Build.0 = Debug|Any CPU
		{2FD35919-DF41-402D-ADD8-F11F921F956D}.Release|Any CPU.ActiveCfg = Release|Any CPU
		{2FD35919-DF41-402D-ADD8-F11F921F956D}.Release|Any CPU.Build.0 = Release|Any CPU
	EndGlobalSection
	GlobalSection(SolutionProperties) = preSolution
		HideSolutionNode = FALSE
	EndGlobalSection
	GlobalSection(ExtensibilityGlobals) = postSolution
		SolutionGuid = {AF44A9AD-6010-4C6D-9D78-99AAA7DAFC13}
	EndGlobalSection
EndGlobal
